
Microsoft Visual Studio Solution File, Format Version 12.00
# Visual Studio Version 17
VisualStudioVersion = 17.9.34407.89
MinimumVisualStudioVersion = 10.0.40219.1
Project("{FAE04EC0-301F-11D3-BF4B-00C04F79EFBC}") = "MTGProxyDesk", "MTGProxyDesk.csproj", "{4807A119-FFD8-4CBD-B521-3DCECAA6B402}"
EndProject
Global
	GlobalSection(SolutionConfigurationPlatforms) = preSolution
		Debug|Any CPU = Debug|Any CPU
		Release|Any CPU = Release|Any CPU
	EndGlobalSection
	GlobalSection(ProjectConfigurationPlatforms) = postSolution
		{4807A119-FFD8-4CBD-B521-3DCECAA6B402}.Debug|Any CPU.ActiveCfg = Debug|Any CPU
		{4807A119-FFD8-4CBD-B521-3DCECAA6B402}.Debug|Any CPU.Build.0 = Debug|Any CPU
		{4807A119-FFD8-4CBD-B521-3DCECAA6B402}.Release|Any CPU.ActiveCfg = Release|Any CPU
		{4807A119-FFD8-4CBD-B521-3DCECAA6B402}.Release|Any CPU.Build.0 = Release|Any CPU
	EndGlobalSection
	GlobalSection(SolutionProperties) = preSolution
		HideSolutionNode = FALSE
	EndGlobalSection
	GlobalSection(ExtensibilityGlobals) = postSolution
		SolutionGuid = {4B4E010A-BA4F-4DDC-950E-159E5309AACC}
	EndGlobalSection
EndGlobal
